// !$*UTF8*$!
{
	archiveVersion = 1;
	classes = {
	};
	objectVersion = 55;
	objects = {

/* Begin PBXBuildFile section */
		7D985178272C3F620027ED37 /* AppDelegate.swift in Sources */ = {isa = PBXBuildFile; fileRef = 7D985177272C3F620027ED37 /* AppDelegate.swift */; };
		7D98517A272C3F620027ED37 /* SceneDelegate.swift in Sources */ = {isa = PBXBuildFile; fileRef = 7D985179272C3F620027ED37 /* SceneDelegate.swift */; };
		7D98517C272C3F620027ED37 /* ViewController.swift in Sources */ = {isa = PBXBuildFile; fileRef = 7D98517B272C3F620027ED37 /* ViewController.swift */; };
		7D98517F272C3F620027ED37 /* Main.storyboard in Resources */ = {isa = PBXBuildFile; fileRef = 7D98517D272C3F620027ED37 /* Main.storyboard */; };
		7D985181272C3F660027ED37 /* Assets.xcassets in Resources */ = {isa = PBXBuildFile; fileRef = 7D985180272C3F660027ED37 /* Assets.xcassets */; };
		7D985184272C3F660027ED37 /* LaunchScreen.storyboard in Resources */ = {isa = PBXBuildFile; fileRef = 7D985182272C3F660027ED37 /* LaunchScreen.storyboard */; };
		7D98518F272C3F660027ED37 /* GuessTheFlagTests.swift in Sources */ = {isa = PBXBuildFile; fileRef = 7D98518E272C3F660027ED37 /* GuessTheFlagTests.swift */; };
		7D985199272C3F660027ED37 /* GuessTheFlagUITests.swift in Sources */ = {isa = PBXBuildFile; fileRef = 7D985198272C3F660027ED37 /* GuessTheFlagUITests.swift */; };
		7D98519B272C3F660027ED37 /* GuessTheFlagUITestsLaunchTests.swift in Sources */ = {isa = PBXBuildFile; fileRef = 7D98519A272C3F660027ED37 /* GuessTheFlagUITestsLaunchTests.swift */; };
/* End PBXBuildFile section */

/* Begin PBXContainerItemProxy section */
		7D98518B272C3F660027ED37 /* PBXContainerItemProxy */ = {
			isa = PBXContainerItemProxy;
			containerPortal = 7D98516C272C3F620027ED37 /* Project object */;
			proxyType = 1;
			remoteGlobalIDString = 7D985173272C3F620027ED37;
			remoteInfo = GuessTheFlag;
		};
		7D985195272C3F660027ED37 /* PBXContainerItemProxy */ = {
			isa = PBXContainerItemProxy;
			containerPortal = 7D98516C272C3F620027ED37 /* Project object */;
			proxyType = 1;
			remoteGlobalIDString = 7D985173272C3F620027ED37;
			remoteInfo = GuessTheFlag;
		};
/* End PBXContainerItemProxy section */

/* Begin PBXFileReference section */
		7D985174272C3F620027ED37 /* GuessTheFlag.app */ = {isa = PBXFileReference; explicitFileType = wrapper.application; includeInIndex = 0; path = GuessTheFlag.app; sourceTree = BUILT_PRODUCTS_DIR; };
		7D985177272C3F620027ED37 /* AppDelegate.swift */ = {isa = PBXFileReference; lastKnownFileType = sourcecode.swift; path = AppDelegate.swift; sourceTree = "<group>"; };
		7D985179272C3F620027ED37 /* SceneDelegate.swift */ = {isa = PBXFileReference; lastKnownFileType = sourcecode.swift; path = SceneDelegate.swift; sourceTree = "<group>"; };
		7D98517B272C3F620027ED37 /* ViewController.swift */ = {isa = PBXFileReference; lastKnownFileType = sourcecode.swift; path = ViewController.swift; sourceTree = "<group>"; };
		7D98517E272C3F620027ED37 /* Base */ = {isa = PBXFileReference; lastKnownFileType = file.storyboard; name = Base; path = Base.lproj/Main.storyboard; sourceTree = "<group>"; };
		7D985180272C3F660027ED37 /* Assets.xcassets */ = {isa = PBXFileReference; lastKnownFileType = folder.assetcatalog; path = Assets.xcassets; sourceTree = "<group>"; };
		7D985183272C3F660027ED37 /* Base */ = {isa = PBXFileReference; lastKnownFileType = file.storyboard; name = Base; path = Base.lproj/LaunchScreen.storyboard; sourceTree = "<group>"; };
		7D985185272C3F660027ED37 /* Info.plist */ = {isa = PBXFileReference; lastKnownFileType = text.plist.xml; path = Info.plist; sourceTree = "<group>"; };
		7D98518A272C3F660027ED37 /* GuessTheFlagTests.xctest */ = {isa = PBXFileReference; explicitFileType = wrapper.cfbundle; includeInIndex = 0; path = GuessTheFlagTests.xctest; sourceTree = BUILT_PRODUCTS_DIR; };
		7D98518E272C3F660027ED37 /* GuessTheFlagTests.swift */ = {isa = PBXFileReference; lastKnownFileType = sourcecode.swift; path = GuessTheFlagTests.swift; sourceTree = "<group>"; };
		7D985194272C3F660027ED37 /* GuessTheFlagUITests.xctest */ = {isa = PBXFileReference; explicitFileType = wrapper.cfbundle; includeInIndex = 0; path = GuessTheFlagUITests.xctest; sourceTree = BUILT_PRODUCTS_DIR; };
		7D985198272C3F660027ED37 /* GuessTheFlagUITests.swift */ = {isa = PBXFileReference; lastKnownFileType = sourcecode.swift; path = GuessTheFlagUITests.swift; sourceTree = "<group>"; };
		7D98519A272C3F660027ED37 /* GuessTheFlagUITestsLaunchTests.swift */ = {isa = PBXFileReference; lastKnownFileType = sourcecode.swift; path = GuessTheFlagUITestsLaunchTests.swift; sourceTree = "<group>"; };
/* End PBXFileReference section */

/* Begin PBXFrameworksBuildPhase section */
		7D985171272C3F620027ED37 /* Frameworks */ = {
			isa = PBXFrameworksBuildPhase;
			buildActionMask = 2147483647;
			files = (
			);
			runOnlyForDeploymentPostprocessing = 0;
		};
		7D985187272C3F660027ED37 /* Frameworks */ = {
			isa = PBXFrameworksBuildPhase;
			buildActionMask = 2147483647;
			files = (
			);
			runOnlyForDeploymentPostprocessing = 0;
		};
		7D985191272C3F660027ED37 /* Frameworks */ = {
			isa = PBXFrameworksBuildPhase;
			buildActionMask = 2147483647;
			files = (
			);
			runOnlyForDeploymentPostprocessing = 0;
		};
/* End PBXFrameworksBuildPhase section */

/* Begin PBXGroup section */
		7D98516B272C3F620027ED37 = {
			isa = PBXGroup;
			children = (
				7D985176272C3F620027ED37 /* GuessTheFlag */,
				7D98518D272C3F660027ED37 /* GuessTheFlagTests */,
				7D985197272C3F660027ED37 /* GuessTheFlagUITests */,
				7D985175272C3F620027ED37 /* Products */,
			);
			sourceTree = "<group>";
		};
		7D985175272C3F620027ED37 /* Products */ = {
			isa = PBXGroup;
			children = (
				7D985174272C3F620027ED37 /* GuessTheFlag.app */,
				7D98518A272C3F660027ED37 /* GuessTheFlagTests.xctest */,
				7D985194272C3F660027ED37 /* GuessTheFlagUITests.xctest */,
			);
			name = Products;
			sourceTree = "<group>";
		};
		7D985176272C3F620027ED37 /* GuessTheFlag */ = {
			isa = PBXGroup;
			children = (
				7D985177272C3F620027ED37 /* AppDelegate.swift */,
				7D985179272C3F620027ED37 /* SceneDelegate.swift */,
				7D98517B272C3F620027ED37 /* ViewController.swift */,
				7D98517D272C3F620027ED37 /* Main.storyboard */,
				7D985180272C3F660027ED37 /* Assets.xcassets */,
				7D985182272C3F660027ED37 /* LaunchScreen.storyboard */,
				7D985185272C3F660027ED37 /* Info.plist */,
			);
			path = GuessTheFlag;
			sourceTree = "<group>";
		};
		7D98518D272C3F660027ED37 /* GuessTheFlagTests */ = {
			isa = PBXGroup;
			children = (
				7D98518E272C3F660027ED37 /* GuessTheFlagTests.swift */,
			);
			path = GuessTheFlagTests;
			sourceTree = "<group>";
		};
		7D985197272C3F660027ED37 /* GuessTheFlagUITests */ = {
			isa = PBXGroup;
			children = (
				7D985198272C3F660027ED37 /* GuessTheFlagUITests.swift */,
				7D98519A272C3F660027ED37 /* GuessTheFlagUITestsLaunchTests.swift */,
			);
			path = GuessTheFlagUITests;
			sourceTree = "<group>";
		};
/* End PBXGroup section */

/* Begin PBXNativeTarget section */
		7D985173272C3F620027ED37 /* GuessTheFlag */ = {
			isa = PBXNativeTarget;
			buildConfigurationList = 7D98519E272C3F660027ED37 /* Build configuration list for PBXNativeTarget "GuessTheFlag" */;
			buildPhases = (
				7D985170272C3F620027ED37 /* Sources */,
				7D985171272C3F620027ED37 /* Frameworks */,
				7D985172272C3F620027ED37 /* Resources */,
			);
			buildRules = (
			);
			dependencies = (
			);
			name = GuessTheFlag;
			productName = GuessTheFlag;
			productReference = 7D985174272C3F620027ED37 /* GuessTheFlag.app */;
			productType = "com.apple.product-type.application";
		};
		7D985189272C3F660027ED37 /* GuessTheFlagTests */ = {
			isa = PBXNativeTarget;
			buildConfigurationList = 7D9851A1272C3F660027ED37 /* Build configuration list for PBXNativeTarget "GuessTheFlagTests" */;
			buildPhases = (
				7D985186272C3F660027ED37 /* Sources */,
				7D985187272C3F660027ED37 /* Frameworks */,
				7D985188272C3F660027ED37 /* Resources */,
			);
			buildRules = (
			);
			dependencies = (
				7D98518C272C3F660027ED37 /* PBXTargetDependency */,
			);
			name = GuessTheFlagTests;
			productName = GuessTheFlagTests;
			productReference = 7D98518A272C3F660027ED37 /* GuessTheFlagTests.xctest */;
			productType = "com.apple.product-type.bundle.unit-test";
		};
		7D985193272C3F660027ED37 /* GuessTheFlagUITests */ = {
			isa = PBXNativeTarget;
			buildConfigurationList = 7D9851A4272C3F660027ED37 /* Build configuration list for PBXNativeTarget "GuessTheFlagUITests" */;
			buildPhases = (
				7D985190272C3F660027ED37 /* Sources */,
				7D985191272C3F660027ED37 /* Frameworks */,
				7D985192272C3F660027ED37 /* Resources */,
			);
			buildRules = (
			);
			dependencies = (
				7D985196272C3F660027ED37 /* PBXTargetDependency */,
			);
			name = GuessTheFlagUITests;
			productName = GuessTheFlagUITests;
			productReference = 7D985194272C3F660027ED37 /* GuessTheFlagUITests.xctest */;
			productType = "com.apple.product-type.bundle.ui-testing";
		};
/* End PBXNativeTarget section */

/* Begin PBXProject section */
		7D98516C272C3F620027ED37 /* Project object */ = {
			isa = PBXProject;
			attributes = {
				BuildIndependentTargetsInParallel = 1;
				LastSwiftUpdateCheck = 1310;
				LastUpgradeCheck = 1310;
				TargetAttributes = {
					7D985173272C3F620027ED37 = {
						CreatedOnToolsVersion = 13.1;
					};
					7D985189272C3F660027ED37 = {
						CreatedOnToolsVersion = 13.1;
						TestTargetID = 7D985173272C3F620027ED37;
					};
					7D985193272C3F660027ED37 = {
						CreatedOnToolsVersion = 13.1;
						TestTargetID = 7D985173272C3F620027ED37;
					};
				};
			};
			buildConfigurationList = 7D98516F272C3F620027ED37 /* Build configuration list for PBXProject "GuessTheFlag" */;
			compatibilityVersion = "Xcode 13.0";
			developmentRegion = en;
			hasScannedForEncodings = 0;
			knownRegions = (
				en,
				Base,
			);
			mainGroup = 7D98516B272C3F620027ED37;
			productRefGroup = 7D985175272C3F620027ED37 /* Products */;
			projectDirPath = "";
			projectRoot = "";
			targets = (
				7D985173272C3F620027ED37 /* GuessTheFlag */,
				7D985189272C3F660027ED37 /* GuessTheFlagTests */,
				7D985193272C3F660027ED37 /* GuessTheFlagUITests */,
			);
		};
/* End PBXProject section */

/* Begin PBXResourcesBuildPhase section */
		7D985172272C3F620027ED37 /* Resources */ = {
			isa = PBXResourcesBuildPhase;
			buildActionMask = 2147483647;
			files = (
				7D985184272C3F660027ED37 /* LaunchScreen.storyboard in Resources */,
				7D985181272C3F660027ED37 /* Assets.xcassets in Resources */,
				7D98517F272C3F620027ED37 /* Main.storyboard in Resources */,
			);
			runOnlyForDeploymentPostprocessing = 0;
		};
		7D985188272C3F660027ED37 /* Resources */ = {
			isa = PBXResourcesBuildPhase;
			buildActionMask = 2147483647;
			files = (
			);
			runOnlyForDeploymentPostprocessing = 0;
		};
		7D985192272C3F660027ED37 /* Resources */ = {
			isa = PBXResourcesBuildPhase;
			buildActionMask = 2147483647;
			files = (
			);
			runOnlyForDeploymentPostprocessing = 0;
		};
/* End PBXResourcesBuildPhase section */

/* Begin PBXSourcesBuildPhase section */
		7D985170272C3F620027ED37 /* Sources */ = {
			isa = PBXSourcesBuildPhase;
			buildActionMask = 2147483647;
			files = (
				7D98517C272C3F620027ED37 /* ViewController.swift in Sources */,
				7D985178272C3F620027ED37 /* AppDelegate.swift in Sources */,
				7D98517A272C3F620027ED37 /* SceneDelegate.swift in Sources */,
			);
			runOnlyForDeploymentPostprocessing = 0;
		};
		7D985186272C3F660027ED37 /* Sources */ = {
			isa = PBXSourcesBuildPhase;
			buildActionMask = 2147483647;
			files = (
				7D98518F272C3F660027ED37 /* GuessTheFlagTests.swift in Sources */,
			);
			runOnlyForDeploymentPostprocessing = 0;
		};
		7D985190272C3F660027ED37 /* Sources */ = {
			isa = PBXSourcesBuildPhase;
			buildActionMask = 2147483647;
			files = (
				7D98519B272C3F660027ED37 /* GuessTheFlagUITestsLaunchTests.swift in Sources */,
				7D985199272C3F660027ED37 /* GuessTheFlagUITests.swift in Sources */,
			);
			runOnlyForDeploymentPostprocessing = 0;
		};
/* End PBXSourcesBuildPhase section */

/* Begin PBXTargetDependency section */
		7D98518C272C3F660027ED37 /* PBXTargetDependency */ = {
			isa = PBXTargetDependency;
			target = 7D985173272C3F620027ED37 /* GuessTheFlag */;
			targetProxy = 7D98518B272C3F660027ED37 /* PBXContainerItemProxy */;
		};
		7D985196272C3F660027ED37 /* PBXTargetDependency */ = {
			isa = PBXTargetDependency;
			target = 7D985173272C3F620027ED37 /* GuessTheFlag */;
			targetProxy = 7D985195272C3F660027ED37 /* PBXContainerItemProxy */;
		};
/* End PBXTargetDependency section */

/* Begin PBXVariantGroup section */
		7D98517D272C3F620027ED37 /* Main.storyboard */ = {
			isa = PBXVariantGroup;
			children = (
				7D98517E272C3F620027ED37 /* Base */,
			);
			name = Main.storyboard;
			sourceTree = "<group>";
		};
		7D985182272C3F660027ED37 /* LaunchScreen.storyboard */ = {
			isa = PBXVariantGroup;
			children = (
				7D985183272C3F660027ED37 /* Base */,
			);
			name = LaunchScreen.storyboard;
			sourceTree = "<group>";
		};
/* End PBXVariantGroup section */

/* Begin XCBuildConfiguration section */
		7D98519C272C3F660027ED37 /* Debug */ = {
			isa = XCBuildConfiguration;
			buildSettings = {
				ALWAYS_SEARCH_USER_PATHS = NO;
				CLANG_ANALYZER_NONNULL = YES;
				CLANG_ANALYZER_NUMBER_OBJECT_CONVERSION = YES_AGGRESSIVE;
				CLANG_CXX_LANGUAGE_STANDARD = "gnu++17";
				CLANG_CXX_LIBRARY = "libc++";
				CLANG_ENABLE_MODULES = YES;
				CLANG_ENABLE_OBJC_ARC = YES;
				CLANG_ENABLE_OBJC_WEAK = YES;
				CLANG_WARN_BLOCK_CAPTURE_AUTORELEASING = YES;
				CLANG_WARN_BOOL_CONVERSION = YES;
				CLANG_WARN_COMMA = YES;
				CLANG_WARN_CONSTANT_CONVERSION = YES;
				CLANG_WARN_DEPRECATED_OBJC_IMPLEMENTATIONS = YES;
				CLANG_WARN_DIRECT_OBJC_ISA_USAGE = YES_ERROR;
				CLANG_WARN_DOCUMENTATION_COMMENTS = YES;
				CLANG_WARN_EMPTY_BODY = YES;
				CLANG_WARN_ENUM_CONVERSION = YES;
				CLANG_WARN_INFINITE_RECURSION = YES;
				CLANG_WARN_INT_CONVERSION = YES;
				CLANG_WARN_NON_LITERAL_NULL_CONVERSION = YES;
				CLANG_WARN_OBJC_IMPLICIT_RETAIN_SELF = YES;
				CLANG_WARN_OBJC_LITERAL_CONVERSION = YES;
				CLANG_WARN_OBJC_ROOT_CLASS = YES_ERROR;
				CLANG_WARN_QUOTED_INCLUDE_IN_FRAMEWORK_HEADER = YES;
				CLANG_WARN_RANGE_LOOP_ANALYSIS = YES;
				CLANG_WARN_STRICT_PROTOTYPES = YES;
				CLANG_WARN_SUSPICIOUS_MOVE = YES;
				CLANG_WARN_UNGUARDED_AVAILABILITY = YES_AGGRESSIVE;
				CLANG_WARN_UNREACHABLE_CODE = YES;
				CLANG_WARN__DUPLICATE_METHOD_MATCH = YES;
				COPY_PHASE_STRIP = NO;
				DEBUG_INFORMATION_FORMAT = dwarf;
				ENABLE_STRICT_OBJC_MSGSEND = YES;
				ENABLE_TESTABILITY = YES;
				GCC_C_LANGUAGE_STANDARD = gnu11;
				GCC_DYNAMIC_NO_PIC = NO;
				GCC_NO_COMMON_BLOCKS = YES;
				GCC_OPTIMIZATION_LEVEL = 0;
				GCC_PREPROCESSOR_DEFINITIONS = (
					"DEBUG=1",
					"$(inherited)",
				);
				GCC_WARN_64_TO_32_BIT_CONVERSION = YES;
				GCC_WARN_ABOUT_RETURN_TYPE = YES_ERROR;
				GCC_WARN_UNDECLARED_SELECTOR = YES;
				GCC_WARN_UNINITIALIZED_AUTOS = YES_AGGRESSIVE;
				GCC_WARN_UNUSED_FUNCTION = YES;
				GCC_WARN_UNUSED_VARIABLE = YES;
				IPHONEOS_DEPLOYMENT_TARGET = 15.0;
				MTL_ENABLE_DEBUG_INFO = INCLUDE_SOURCE;
				MTL_FAST_MATH = YES;
				ONLY_ACTIVE_ARCH = YES;
				SDKROOT = iphoneos;
				SWIFT_ACTIVE_COMPILATION_CONDITIONS = DEBUG;
				SWIFT_OPTIMIZATION_LEVEL = "-Onone";
			};
			name = Debug;
		};
		7D98519D272C3F660027ED37 /* Release */ = {
			isa = XCBuildConfiguration;
			buildSettings = {
				ALWAYS_SEARCH_USER_PATHS = NO;
				CLANG_ANALYZER_NONNULL = YES;
				CLANG_ANALYZER_NUMBER_OBJECT_CONVERSION = YES_AGGRESSIVE;
				CLANG_CXX_LANGUAGE_STANDARD = "gnu++17";
				CLANG_CXX_LIBRARY = "libc++";
				CLANG_ENABLE_MODULES = YES;
				CLANG_ENABLE_OBJC_ARC = YES;
				CLANG_ENABLE_OBJC_WEAK = YES;
				CLANG_WARN_BLOCK_CAPTURE_AUTORELEASING = YES;
				CLANG_WARN_BOOL_CONVERSION = YES;
				CLANG_WARN_COMMA = YES;
				CLANG_WARN_CONSTANT_CONVERSION = YES;
				CLANG_WARN_DEPRECATED_OBJC_IMPLEMENTATIONS = YES;
				CLANG_WARN_DIRECT_OBJC_ISA_USAGE = YES_ERROR;
				CLANG_WARN_DOCUMENTATION_COMMENTS = YES;
				CLANG_WARN_EMPTY_BODY = YES;
				CLANG_WARN_ENUM_CONVERSION = YES;
				CLANG_WARN_INFINITE_RECURSION = YES;
				CLANG_WARN_INT_CONVERSION = YES;
				CLANG_WARN_NON_LITERAL_NULL_CONVERSION = YES;
				CLANG_WARN_OBJC_IMPLICIT_RETAIN_SELF = YES;
				CLANG_WARN_OBJC_LITERAL_CONVERSION = YES;
				CLANG_WARN_OBJC_ROOT_CLASS = YES_ERROR;
				CLANG_WARN_QUOTED_INCLUDE_IN_FRAMEWORK_HEADER = YES;
				CLANG_WARN_RANGE_LOOP_ANALYSIS = YES;
				CLANG_WARN_STRICT_PROTOTYPES = YES;
				CLANG_WARN_SUSPICIOUS_MOVE = YES;
				CLANG_WARN_UNGUARDED_AVAILABILITY = YES_AGGRESSIVE;
				CLANG_WARN_UNREACHABLE_CODE = YES;
				CLANG_WARN__DUPLICATE_METHOD_MATCH = YES;
				COPY_PHASE_STRIP = NO;
				DEBUG_INFORMATION_FORMAT = "dwarf-with-dsym";
				ENABLE_NS_ASSERTIONS = NO;
				ENABLE_STRICT_OBJC_MSGSEND = YES;
				GCC_C_LANGUAGE_STANDARD = gnu11;
				GCC_NO_COMMON_BLOCKS = YES;
				GCC_WARN_64_TO_32_BIT_CONVERSION = YES;
				GCC_WARN_ABOUT_RETURN_TYPE = YES_ERROR;
				GCC_WARN_UNDECLARED_SELECTOR = YES;
				GCC_WARN_UNINITIALIZED_AUTOS = YES_AGGRESSIVE;
				GCC_WARN_UNUSED_FUNCTION = YES;
				GCC_WARN_UNUSED_VARIABLE = YES;
				IPHONEOS_DEPLOYMENT_TARGET = 15.0;
				MTL_ENABLE_DEBUG_INFO = NO;
				MTL_FAST_MATH = YES;
				SDKROOT = iphoneos;
				SWIFT_COMPILATION_MODE = wholemodule;
				SWIFT_OPTIMIZATION_LEVEL = "-O";
				VALIDATE_PRODUCT = YES;
			};
			name = Release;
		};
		7D98519F272C3F660027ED37 /* Debug */ = {
			isa = XCBuildConfiguration;
			buildSettings = {
				ASSETCATALOG_COMPILER_APPICON_NAME = AppIcon;
				ASSETCATALOG_COMPILER_GLOBAL_ACCENT_COLOR_NAME = AccentColor;
				CODE_SIGN_STYLE = Automatic;
				CURRENT_PROJECT_VERSION = 1;
				DEVELOPMENT_TEAM = ZMMPAGSL2B;
				GENERATE_INFOPLIST_FILE = YES;
				INFOPLIST_FILE = GuessTheFlag/Info.plist;
				INFOPLIST_KEY_UIApplicationSupportsIndirectInputEvents = YES;
				INFOPLIST_KEY_UILaunchStoryboardName = LaunchScreen;
				INFOPLIST_KEY_UIMainStoryboardFile = Main;
				INFOPLIST_KEY_UISupportedInterfaceOrientations_iPad = "UIInterfaceOrientationPortrait UIInterfaceOrientationPortraitUpsideDown UIInterfaceOrientationLandscapeLeft UIInterfaceOrientationLandscapeRight";
				INFOPLIST_KEY_UISupportedInterfaceOrientations_iPhone = "UIInterfaceOrientationPortrait UIInterfaceOrientationLandscapeLeft UIInterfaceOrientationLandscapeRight";
				LD_RUNPATH_SEARCH_PATHS = (
					"$(inherited)",
					"@executable_path/Frameworks",
				);
				MARKETING_VERSION = 1.0;
				PRODUCT_BUNDLE_IDENTIFIER = davpost.GuessTheFlag;
				PRODUCT_NAME = "$(TARGET_NAME)";
				SWIFT_EMIT_LOC_STRINGS = YES;
				SWIFT_VERSION = 5.0;
				TARGETED_DEVICE_FAMILY = "1,2";
			};
			name = Debug;
		};
		7D9851A0272C3F660027ED37 /* Release */ = {
			isa = XCBuildConfiguration;
			buildSettings = {
				ASSETCATALOG_COMPILER_APPICON_NAME = AppIcon;
				ASSETCATALOG_COMPILER_GLOBAL_ACCENT_COLOR_NAME = AccentColor;
				CODE_SIGN_STYLE = Automatic;
				CURRENT_PROJECT_VERSION = 1;
				DEVELOPMENT_TEAM = ZMMPAGSL2B;
				GENERATE_INFOPLIST_FILE = YES;
				INFOPLIST_FILE = GuessTheFlag/Info.plist;
				INFOPLIST_KEY_UIApplicationSupportsIndirectInputEvents = YES;
				INFOPLIST_KEY_UILaunchStoryboardName = LaunchScreen;
				INFOPLIST_KEY_UIMainStoryboardFile = Main;
				INFOPLIST_KEY_UISupportedInterfaceOrientations_iPad = "UIInterfaceOrientationPortrait UIInterfaceOrientationPortraitUpsideDown UIInterfaceOrientationLandscapeLeft UIInterfaceOrientationLandscapeRight";
				INFOPLIST_KEY_UISupportedInterfaceOrientations_iPhone = "UIInterfaceOrientationPortrait UIInterfaceOrientationLandscapeLeft UIInterfaceOrientationLandscapeRight";
				LD_RUNPATH_SEARCH_PATHS = (
					"$(inherited)",
					"@executable_path/Frameworks",
				);
				MARKETING_VERSION = 1.0;
				PRODUCT_BUNDLE_IDENTIFIER = davpost.GuessTheFlag;
				PRODUCT_NAME = "$(TARGET_NAME)";
				SWIFT_EMIT_LOC_STRINGS = YES;
				SWIFT_VERSION = 5.0;
				TARGETED_DEVICE_FAMILY = "1,2";
			};
			name = Release;
		};
		7D9851A2272C3F660027ED37 /* Debug */ = {
			isa = XCBuildConfiguration;
			buildSettings = {
				ALWAYS_EMBED_SWIFT_STANDARD_LIBRARIES = YES;
				BUNDLE_LOADER = "$(TEST_HOST)";
				CODE_SIGN_STYLE = Automatic;
				CURRENT_PROJECT_VERSION = 1;
				DEVELOPMENT_TEAM = ZMMPAGSL2B;
				GENERATE_INFOPLIST_FILE = YES;
				IPHONEOS_DEPLOYMENT_TARGET = 15.0;
				LD_RUNPATH_SEARCH_PATHS = (
					"$(inherited)",
					"@executable_path/Frameworks",
					"@loader_path/Frameworks",
				);
				MARKETING_VERSION = 1.0;
				PRODUCT_BUNDLE_IDENTIFIER = davpost.GuessTheFlagTests;
				PRODUCT_NAME = "$(TARGET_NAME)";
				SWIFT_EMIT_LOC_STRINGS = NO;
				SWIFT_VERSION = 5.0;
				TARGETED_DEVICE_FAMILY = "1,2";
				TEST_HOST = "$(BUILT_PRODUCTS_DIR)/GuessTheFlag.app/GuessTheFlag";
			};
			name = Debug;
		};
		7D9851A3272C3F660027ED37 /* Release */ = {
			isa = XCBuildConfiguration;
			buildSettings = {
				ALWAYS_EMBED_SWIFT_STANDARD_LIBRARIES = YES;
				BUNDLE_LOADER = "$(TEST_HOST)";
				CODE_SIGN_STYLE = Automatic;
				CURRENT_PROJECT_VERSION = 1;
				DEVELOPMENT_TEAM = ZMMPAGSL2B;
				GENERATE_INFOPLIST_FILE = YES;
				IPHONEOS_DEPLOYMENT_TARGET = 15.0;
				LD_RUNPATH_SEARCH_PATHS = (
					"$(inherited)",
					"@executable_path/Frameworks",
					"@loader_path/Frameworks",
				);
				MARKETING_VERSION = 1.0;
				PRODUCT_BUNDLE_IDENTIFIER = davpost.GuessTheFlagTests;
				PRODUCT_NAME = "$(TARGET_NAME)";
				SWIFT_EMIT_LOC_STRINGS = NO;
				SWIFT_VERSION = 5.0;
				TARGETED_DEVICE_FAMILY = "1,2";
				TEST_HOST = "$(BUILT_PRODUCTS_DIR)/GuessTheFlag.app/GuessTheFlag";
			};
			name = Release;
		};
		7D9851A5272C3F660027ED37 /* Debug */ = {
			isa = XCBuildConfiguration;
			buildSettings = {
				ALWAYS_EMBED_SWIFT_STANDARD_LIBRARIES = YES;
				CODE_SIGN_STYLE = Automatic;
				CURRENT_PROJECT_VERSION = 1;
				DEVELOPMENT_TEAM = ZMMPAGSL2B;
				GENERATE_INFOPLIST_FILE = YES;
				LD_RUNPATH_SEARCH_PATHS = (
					"$(inherited)",
					"@executable_path/Frameworks",
					"@loader_path/Frameworks",
				);
				MARKETING_VERSION = 1.0;
				PRODUCT_BUNDLE_IDENTIFIER = davpost.GuessTheFlagUITests;
				PRODUCT_NAME = "$(TARGET_NAME)";
				SWIFT_EMIT_LOC_STRINGS = NO;
				SWIFT_VERSION = 5.0;
				TARGETED_DEVICE_FAMILY = "1,2";
				TEST_TARGET_NAME = GuessTheFlag;
			};
			name = Debug;
		};
		7D9851A6272C3F660027ED37 /* Release */ = {
			isa = XCBuildConfiguration;
			buildSettings = {
				ALWAYS_EMBED_SWIFT_STANDARD_LIBRARIES = YES;
				CODE_SIGN_STYLE = Automatic;
				CURRENT_PROJECT_VERSION = 1;
				DEVELOPMENT_TEAM = ZMMPAGSL2B;
				GENERATE_INFOPLIST_FILE = YES;
				LD_RUNPATH_SEARCH_PATHS = (
					"$(inherited)",
					"@executable_path/Frameworks",
					"@loader_path/Frameworks",
				);
				MARKETING_VERSION = 1.0;
				PRODUCT_BUNDLE_IDENTIFIER = davpost.GuessTheFlagUITests;
				PRODUCT_NAME = "$(TARGET_NAME)";
				SWIFT_EMIT_LOC_STRINGS = NO;
				SWIFT_VERSION = 5.0;
				TARGETED_DEVICE_FAMILY = "1,2";
				TEST_TARGET_NAME = GuessTheFlag;
			};
			name = Release;
		};
/* End XCBuildConfiguration section */

/* Begin XCConfigurationList section */
		7D98516F272C3F620027ED37 /* Build configuration list for PBXProject "GuessTheFlag" */ = {
			isa = XCConfigurationList;
			buildConfigurations = (
				7D98519C272C3F660027ED37 /* Debug */,
				7D98519D272C3F660027ED37 /* Release */,
			);
			defaultConfigurationIsVisible = 0;
			defaultConfigurationName = Release;
		};
		7D98519E272C3F660027ED37 /* Build configuration list for PBXNativeTarget "GuessTheFlag" */ = {
			isa = XCConfigurationList;
			buildConfigurations = (
				7D98519F272C3F660027ED37 /* Debug */,
				7D9851A0272C3F660027ED37 /* Release */,
			);
			defaultConfigurationIsVisible = 0;
			defaultConfigurationName = Release;
		};
		7D9851A1272C3F660027ED37 /* Build configuration list for PBXNativeTarget "GuessTheFlagTests" */ = {
			isa = XCConfigurationList;
			buildConfigurations = (
				7D9851A2272C3F660027ED37 /* Debug */,
				7D9851A3272C3F660027ED37 /* Release */,
			);
			defaultConfigurationIsVisible = 0;
			defaultConfigurationName = Release;
		};
		7D9851A4272C3F660027ED37 /* Build configuration list for PBXNativeTarget "GuessTheFlagUITests" */ = {
			isa = XCConfigurationList;
			buildConfigurations = (
				7D9851A5272C3F660027ED37 /* Debug */,
				7D9851A6272C3F660027ED37 /* Release */,
			);
			defaultConfigurationIsVisible = 0;
			defaultConfigurationName = Release;
		};
/* End XCConfigurationList section */
	};
	rootObject = 7D98516C272C3F620027ED37 /* Project object */;
}
